
Microsoft Visual Studio Solution File, Format Version 12.00
# Visual Studio Version 17
VisualStudioVersion = 17.14.36518.9
MinimumVisualStudioVersion = 10.0.40219.1
Project("{2150E333-8FDC-42A3-9474-1A3956D46DE8}") = "src", "src", "{02EA681E-C7D8-13C7-8484-4AC65E1B71E8}"
EndProject
Project("{FAE04EC0-301F-11D3-BF4B-00C04F79EFBC}") = "Documentify.Api", "src\Documentify.Api\Documentify.Api.csproj", "{F382340C-981D-4065-A2F8-351B447131B9}"
EndProject
Project("{FAE04EC0-301F-11D3-BF4B-00C04F79EFBC}") = "Documentify.ApplicationCore", "src\Documentify.ApplicationCore\Documentify.ApplicationCore.csproj", "{8FAB2D3D-A1CB-4A69-B9DE-186AE268D7BB}"
EndProject
Project("{FAE04EC0-301F-11D3-BF4B-00C04F79EFBC}") = "Documentify.Domain", "src\Documentify.Domain\Documentify.Domain.csproj", "{704DCC91-FE7F-4F76-8DBF-7AF9F2451A3F}"
EndProject
Project("{FAE04EC0-301F-11D3-BF4B-00C04F79EFBC}") = "Documentify.Infrastructure", "src\Documentify.Infrastructure\Documentify.Infrastructure.csproj", "{1701742D-03BC-9D3F-9562-40EA21BC563A}"
EndProject
Project("{2150E333-8FDC-42A3-9474-1A3956D46DE8}") = "docs", "docs", "{D42987EF-3FA2-4107-B0F3-FDC6E5397C78}"
EndProject
Project("{2150E333-8FDC-42A3-9474-1A3956D46DE8}") = "db", "db", "{9F78BE19-F605-498E-8C13-1F35B6809448}"
	ProjectSection(SolutionItems) = preProject
		docs\db\OnDeleteWarnings.md = docs\db\OnDeleteWarnings.md
	EndProjectSection
EndProject
Project("{FAE04EC0-301F-11D3-BF4B-00C04F79EFBC}") = "Documentify.IntegrationTests", "tests\Documentify.IntegrationTests\Documentify.IntegrationTests.csproj", "{D4D3ACAB-ABD4-48DF-B572-6A2BFC809E32}"
EndProject
Project("{2150E333-8FDC-42A3-9474-1A3956D46DE8}") = "tests", "tests", "{212D0B35-AF6D-4669-A1DE-573C4C13B83D}"
EndProject
Project("{FAE04EC0-301F-11D3-BF4B-00C04F79EFBC}") = "Documentify.UnitTests", "tests\Documentify.UnitTests\Documentify.UnitTests.csproj", "{7F03E4B9-CDE5-4772-A82F-32BA00B1AB3B}"
EndProject
Global
	GlobalSection(SolutionConfigurationPlatforms) = preSolution
		Debug|Any CPU = Debug|Any CPU
		Release|Any CPU = Release|Any CPU
	EndGlobalSection
	GlobalSection(ProjectConfigurationPlatforms) = postSolution
		{F382340C-981D-4065-A2F8-351B447131B9}.Debug|Any CPU.ActiveCfg = Debug|Any CPU
		{F382340C-981D-4065-A2F8-351B447131B9}.Debug|Any CPU.Build.0 = Debug|Any CPU
		{F382340C-981D-4065-A2F8-351B447131B9}.Release|Any CPU.ActiveCfg = Release|Any CPU
		{F382340C-981D-4065-A2F8-351B447131B9}.Release|Any CPU.Build.0 = Release|Any CPU
		{8FAB2D3D-A1CB-4A69-B9DE-186AE268D7BB}.Debug|Any CPU.ActiveCfg = Debug|Any CPU
		{8FAB2D3D-A1CB-4A69-B9DE-186AE268D7BB}.Debug|Any CPU.Build.0 = Debug|Any CPU
		{8FAB2D3D-A1CB-4A69-B9DE-186AE268D7BB}.Release|Any CPU.ActiveCfg = Release|Any CPU
		{8FAB2D3D-A1CB-4A69-B9DE-186AE268D7BB}.Release|Any CPU.Build.0 = Release|Any CPU
		{704DCC91-FE7F-4F76-8DBF-7AF9F2451A3F}.Debug|Any CPU.ActiveCfg = Debug|Any CPU
		{704DCC91-FE7F-4F76-8DBF-7AF9F2451A3F}.Debug|Any CPU.Build.0 = Debug|Any CPU
		{704DCC91-FE7F-4F76-8DBF-7AF9F2451A3F}.Release|Any CPU.ActiveCfg = Release|Any CPU
		{704DCC91-FE7F-4F76-8DBF-7AF9F2451A3F}.Release|Any CPU.Build.0 = Release|Any CPU
		{1701742D-03BC-9D3F-9562-40EA21BC563A}.Debug|Any CPU.ActiveCfg = Debug|Any CPU
		{1701742D-03BC-9D3F-9562-40EA21BC563A}.Debug|Any CPU.Build.0 = Debug|Any CPU
		{1701742D-03BC-9D3F-9562-40EA21BC563A}.Release|Any CPU.ActiveCfg = Release|Any CPU
		{1701742D-03BC-9D3F-9562-40EA21BC563A}.Release|Any CPU.Build.0 = Release|Any CPU
		{D4D3ACAB-ABD4-48DF-B572-6A2BFC809E32}.Debug|Any CPU.ActiveCfg = Debug|Any CPU
		{D4D3ACAB-ABD4-48DF-B572-6A2BFC809E32}.Debug|Any CPU.Build.0 = Debug|Any CPU
		{D4D3ACAB-ABD4-48DF-B572-6A2BFC809E32}.Release|Any CPU.ActiveCfg = Release|Any CPU
		{D4D3ACAB-ABD4-48DF-B572-6A2BFC809E32}.Release|Any CPU.Build.0 = Release|Any CPU
		{7F03E4B9-CDE5-4772-A82F-32BA00B1AB3B}.Debug|Any CPU.ActiveCfg = Debug|Any CPU
		{7F03E4B9-CDE5-4772-A82F-32BA00B1AB3B}.Debug|Any CPU.Build.0 = Debug|Any CPU
		{7F03E4B9-CDE5-4772-A82F-32BA00B1AB3B}.Release|Any CPU.ActiveCfg = Release|Any CPU
		{7F03E4B9-CDE5-4772-A82F-32BA00B1AB3B}.Release|Any CPU.Build.0 = Release|Any CPU
	EndGlobalSection
	GlobalSection(SolutionProperties) = preSolution
		HideSolutionNode = FALSE
	EndGlobalSection
	GlobalSection(NestedProjects) = preSolution
		{F382340C-981D-4065-A2F8-351B447131B9} = {02EA681E-C7D8-13C7-8484-4AC65E1B71E8}
		{8FAB2D3D-A1CB-4A69-B9DE-186AE268D7BB} = {02EA681E-C7D8-13C7-8484-4AC65E1B71E8}
		{704DCC91-FE7F-4F76-8DBF-7AF9F2451A3F} = {02EA681E-C7D8-13C7-8484-4AC65E1B71E8}
		{1701742D-03BC-9D3F-9562-40EA21BC563A} = {02EA681E-C7D8-13C7-8484-4AC65E1B71E8}
		{9F78BE19-F605-498E-8C13-1F35B6809448} = {D42987EF-3FA2-4107-B0F3-FDC6E5397C78}
		{D4D3ACAB-ABD4-48DF-B572-6A2BFC809E32} = {212D0B35-AF6D-4669-A1DE-573C4C13B83D}
		{7F03E4B9-CDE5-4772-A82F-32BA00B1AB3B} = {212D0B35-AF6D-4669-A1DE-573C4C13B83D}
	EndGlobalSection
	GlobalSection(ExtensibilityGlobals) = postSolution
		SolutionGuid = {BE96A528-A867-41AA-AE7A-37A7CB2204AA}
	EndGlobalSection
EndGlobal
